{
  "requires": true,
  "lockfileVersion": 1,
  "dependencies": {
    "iv-viewer": {
      "version": "2.0.0",
      "resolved": "https://registry.npmjs.org/iv-viewer/-/iv-viewer-2.0.0.tgz",
      "integrity": "sha512-kP9ws9TwUJCqor4AqwLc7glMsS8nMyRZTxi/+aOGU57/1KNx2SRblPNwg+VFEysX1PR7Wmwu41+VMBh/O0GD5A=="
    }
  }
}
